
Microsoft Visual Studio Solution File, Format Version 12.00
# Visual Studio Version 16
VisualStudioVersion = 16.0.31424.327
MinimumVisualStudioVersion = 10.0.40219.1
Project("{FAE04EC0-301F-11D3-BF4B-00C04F79EFBC}") = "CASerialization", "CASerialization\CASerialization.csproj", "{C5E1DCCD-B0A7-4D5E-A7C3-CDDB116E778B}"
EndProject
Project("{FAE04EC0-301F-11D3-BF4B-00C04F79EFBC}") = "CAJsonSerialization", "CAJsonSerialization\CAJsonSerialization.csproj", "{99B7EF4F-534C-4E0A-B4E1-C03C48C53056}"
EndProject
Project("{FAE04EC0-301F-11D3-BF4B-00C04F79EFBC}") = "CAHttpClient", "CAHttpClient\CAHttpClient.csproj", "{8547C975-35C5-4048-88CA-5980E7A9DE28}"
EndProject
Global
	GlobalSection(SolutionConfigurationPlatforms) = preSolution
		Debug|Any CPU = Debug|Any CPU
		Release|Any CPU = Release|Any CPU
	EndGlobalSection
	GlobalSection(ProjectConfigurationPlatforms) = postSolution
		{C5E1DCCD-B0A7-4D5E-A7C3-CDDB116E778B}.Debug|Any CPU.ActiveCfg = Debug|Any CPU
		{C5E1DCCD-B0A7-4D5E-A7C3-CDDB116E778B}.Debug|Any CPU.Build.0 = Debug|Any CPU
		{C5E1DCCD-B0A7-4D5E-A7C3-CDDB116E778B}.Release|Any CPU.ActiveCfg = Release|Any CPU
		{C5E1DCCD-B0A7-4D5E-A7C3-CDDB116E778B}.Release|Any CPU.Build.0 = Release|Any CPU
		{99B7EF4F-534C-4E0A-B4E1-C03C48C53056}.Debug|Any CPU.ActiveCfg = Debug|Any CPU
		{99B7EF4F-534C-4E0A-B4E1-C03C48C53056}.Debug|Any CPU.Build.0 = Debug|Any CPU
		{99B7EF4F-534C-4E0A-B4E1-C03C48C53056}.Release|Any CPU.ActiveCfg = Release|Any CPU
		{99B7EF4F-534C-4E0A-B4E1-C03C48C53056}.Release|Any CPU.Build.0 = Release|Any CPU
		{8547C975-35C5-4048-88CA-5980E7A9DE28}.Debug|Any CPU.ActiveCfg = Debug|Any CPU
		{8547C975-35C5-4048-88CA-5980E7A9DE28}.Debug|Any CPU.Build.0 = Debug|Any CPU
		{8547C975-35C5-4048-88CA-5980E7A9DE28}.Release|Any CPU.ActiveCfg = Release|Any CPU
		{8547C975-35C5-4048-88CA-5980E7A9DE28}.Release|Any CPU.Build.0 = Release|Any CPU
	EndGlobalSection
	GlobalSection(SolutionProperties) = preSolution
		HideSolutionNode = FALSE
	EndGlobalSection
	GlobalSection(ExtensibilityGlobals) = postSolution
		SolutionGuid = {ED6E78B5-16B4-4CEE-9BCD-C428BE68A9A6}
	EndGlobalSection
EndGlobal
