
Microsoft Visual Studio Solution File, Format Version 12.00
# Visual Studio Version 16
VisualStudioVersion = 16.0.31424.327
MinimumVisualStudioVersion = 10.0.40219.1
Project("{FAE04EC0-301F-11D3-BF4B-00C04F79EFBC}") = "CAIDesposableDesignPattern", "CAIDesposableDesignPattern\CAIDesposableDesignPattern.csproj", "{C9E3E7F4-EC4B-4A58-B2E0-69AA0DCBC2BF}"
EndProject
Project("{FAE04EC0-301F-11D3-BF4B-00C04F79EFBC}") = "CAFileStream", "CAFileStream\CAFileStream.csproj", "{0565E8A9-CB21-428E-BD49-E1B952EBCECE}"
EndProject
Project("{FAE04EC0-301F-11D3-BF4B-00C04F79EFBC}") = "CADecorator", "CADecorator\CADecorator.csproj", "{DF6DE0C5-7FEF-4C89-A774-4D92E66D433D}"
EndProject
Global
	GlobalSection(SolutionConfigurationPlatforms) = preSolution
		Debug|Any CPU = Debug|Any CPU
		Release|Any CPU = Release|Any CPU
	EndGlobalSection
	GlobalSection(ProjectConfigurationPlatforms) = postSolution
		{C9E3E7F4-EC4B-4A58-B2E0-69AA0DCBC2BF}.Debug|Any CPU.ActiveCfg = Debug|Any CPU
		{C9E3E7F4-EC4B-4A58-B2E0-69AA0DCBC2BF}.Debug|Any CPU.Build.0 = Debug|Any CPU
		{C9E3E7F4-EC4B-4A58-B2E0-69AA0DCBC2BF}.Release|Any CPU.ActiveCfg = Release|Any CPU
		{C9E3E7F4-EC4B-4A58-B2E0-69AA0DCBC2BF}.Release|Any CPU.Build.0 = Release|Any CPU
		{0565E8A9-CB21-428E-BD49-E1B952EBCECE}.Debug|Any CPU.ActiveCfg = Debug|Any CPU
		{0565E8A9-CB21-428E-BD49-E1B952EBCECE}.Debug|Any CPU.Build.0 = Debug|Any CPU
		{0565E8A9-CB21-428E-BD49-E1B952EBCECE}.Release|Any CPU.ActiveCfg = Release|Any CPU
		{0565E8A9-CB21-428E-BD49-E1B952EBCECE}.Release|Any CPU.Build.0 = Release|Any CPU
		{DF6DE0C5-7FEF-4C89-A774-4D92E66D433D}.Debug|Any CPU.ActiveCfg = Debug|Any CPU
		{DF6DE0C5-7FEF-4C89-A774-4D92E66D433D}.Debug|Any CPU.Build.0 = Debug|Any CPU
		{DF6DE0C5-7FEF-4C89-A774-4D92E66D433D}.Release|Any CPU.ActiveCfg = Release|Any CPU
		{DF6DE0C5-7FEF-4C89-A774-4D92E66D433D}.Release|Any CPU.Build.0 = Release|Any CPU
	EndGlobalSection
	GlobalSection(SolutionProperties) = preSolution
		HideSolutionNode = FALSE
	EndGlobalSection
	GlobalSection(ExtensibilityGlobals) = postSolution
		SolutionGuid = {E5A855B8-58F8-4149-979B-BE4C7DD70A76}
	EndGlobalSection
EndGlobal
