
Microsoft Visual Studio Solution File, Format Version 12.00
# Visual Studio Version 16
VisualStudioVersion = 16.0.31424.327
MinimumVisualStudioVersion = 10.0.40219.1
Project("{FAE04EC0-301F-11D3-BF4B-00C04F79EFBC}") = "CABoolienTypeandOperators", "CABoolienTypeandOperators\CABoolienTypeandOperators.csproj", "{E55AD69E-EF39-45BC-A94A-8BCA7368C1A7}"
EndProject
Global
	GlobalSection(SolutionConfigurationPlatforms) = preSolution
		Debug|Any CPU = Debug|Any CPU
		Release|Any CPU = Release|Any CPU
	EndGlobalSection
	GlobalSection(ProjectConfigurationPlatforms) = postSolution
		{E55AD69E-EF39-45BC-A94A-8BCA7368C1A7}.Debug|Any CPU.ActiveCfg = Debug|Any CPU
		{E55AD69E-EF39-45BC-A94A-8BCA7368C1A7}.Debug|Any CPU.Build.0 = Debug|Any CPU
		{E55AD69E-EF39-45BC-A94A-8BCA7368C1A7}.Release|Any CPU.ActiveCfg = Release|Any CPU
		{E55AD69E-EF39-45BC-A94A-8BCA7368C1A7}.Release|Any CPU.Build.0 = Release|Any CPU
	EndGlobalSection
	GlobalSection(SolutionProperties) = preSolution
		HideSolutionNode = FALSE
	EndGlobalSection
	GlobalSection(ExtensibilityGlobals) = postSolution
		SolutionGuid = {9B4AD926-C5E9-4A3C-BB85-40C45BB4723B}
	EndGlobalSection
EndGlobal
