
Microsoft Visual Studio Solution File, Format Version 12.00
# Visual Studio Version 16
VisualStudioVersion = 16.0.31424.327
MinimumVisualStudioVersion = 10.0.40219.1
Project("{FAE04EC0-301F-11D3-BF4B-00C04F79EFBC}") = "CALinkList", "CALinkList\CALinkList.csproj", "{5A81B7E5-B5DB-475F-AD56-8E052654DD47}"
EndProject
Project("{FAE04EC0-301F-11D3-BF4B-00C04F79EFBC}") = "CAHashsetandSortedList", "CAHashsetandSortedList\CAHashsetandSortedList.csproj", "{E5F6AEEE-0795-49AE-B39C-86A68B6E5865}"
EndProject
Global
	GlobalSection(SolutionConfigurationPlatforms) = preSolution
		Debug|Any CPU = Debug|Any CPU
		Release|Any CPU = Release|Any CPU
	EndGlobalSection
	GlobalSection(ProjectConfigurationPlatforms) = postSolution
		{5A81B7E5-B5DB-475F-AD56-8E052654DD47}.Debug|Any CPU.ActiveCfg = Debug|Any CPU
		{5A81B7E5-B5DB-475F-AD56-8E052654DD47}.Debug|Any CPU.Build.0 = Debug|Any CPU
		{5A81B7E5-B5DB-475F-AD56-8E052654DD47}.Release|Any CPU.ActiveCfg = Release|Any CPU
		{5A81B7E5-B5DB-475F-AD56-8E052654DD47}.Release|Any CPU.Build.0 = Release|Any CPU
		{E5F6AEEE-0795-49AE-B39C-86A68B6E5865}.Debug|Any CPU.ActiveCfg = Debug|Any CPU
		{E5F6AEEE-0795-49AE-B39C-86A68B6E5865}.Debug|Any CPU.Build.0 = Debug|Any CPU
		{E5F6AEEE-0795-49AE-B39C-86A68B6E5865}.Release|Any CPU.ActiveCfg = Release|Any CPU
		{E5F6AEEE-0795-49AE-B39C-86A68B6E5865}.Release|Any CPU.Build.0 = Release|Any CPU
	EndGlobalSection
	GlobalSection(SolutionProperties) = preSolution
		HideSolutionNode = FALSE
	EndGlobalSection
	GlobalSection(ExtensibilityGlobals) = postSolution
		SolutionGuid = {5D7DB396-4FB3-48C2-A26B-1494489F74EA}
	EndGlobalSection
EndGlobal
